
Microsoft Visual Studio Solution File, Format Version 12.00
# Visual Studio Version 17
VisualStudioVersion = 17.4.33403.182
MinimumVisualStudioVersion = 10.0.40219.1
Project("{8BC9CEB8-8B4A-11D0-8D11-00A0C91BC942}") = "Волошин Сергей Владимирович 1", "Волошин Сергей Владимирович 1\Волошин Сергей Владимирович 1.vcxproj", "{27986D83-16A8-4615-9FC7-77B415DE49A8}"
EndProject
Global
	GlobalSection(SolutionConfigurationPlatforms) = preSolution
		Debug|x64 = Debug|x64
		Debug|x86 = Debug|x86
		Release|x64 = Release|x64
		Release|x86 = Release|x86
	EndGlobalSection
	GlobalSection(ProjectConfigurationPlatforms) = postSolution
		{27986D83-16A8-4615-9FC7-77B415DE49A8}.Debug|x64.ActiveCfg = Debug|x64
		{27986D83-16A8-4615-9FC7-77B415DE49A8}.Debug|x64.Build.0 = Debug|x64
		{27986D83-16A8-4615-9FC7-77B415DE49A8}.Debug|x86.ActiveCfg = Debug|Win32
		{27986D83-16A8-4615-9FC7-77B415DE49A8}.Debug|x86.Build.0 = Debug|Win32
		{27986D83-16A8-4615-9FC7-77B415DE49A8}.Release|x64.ActiveCfg = Release|x64
		{27986D83-16A8-4615-9FC7-77B415DE49A8}.Release|x64.Build.0 = Release|x64
		{27986D83-16A8-4615-9FC7-77B415DE49A8}.Release|x86.ActiveCfg = Release|Win32
		{27986D83-16A8-4615-9FC7-77B415DE49A8}.Release|x86.Build.0 = Release|Win32
	EndGlobalSection
	GlobalSection(SolutionProperties) = preSolution
		HideSolutionNode = FALSE
	EndGlobalSection
	GlobalSection(ExtensibilityGlobals) = postSolution
		SolutionGuid = {15E22B1C-9D0A-4494-9F42-C3563753FA83}
	EndGlobalSection
EndGlobal
